<?xml version="1.0" encoding="utf-8"?>
<Project ToolsVersion="4.0" xmlns="http://schemas.microsoft.com/developer/msbuild/2003">
  <ItemGroup>
    <Filter Include="源文件">
      <UniqueIdentifier>{4FC737F1-C7A5-4376-A066-2A32D752A2FF}</UniqueIdentifier>
      <Extensions>cpp;c;cc;cxx;c++;cppm;ixx;def;odl;idl;hpj;bat;asm;asmx</Extensions>
    </Filter>
    <Filter Include="头文件">
      <UniqueIdentifier>{93995380-89BD-4b04-88EB-625FBE52EBFB}</UniqueIdentifier>
      <Extensions>h;hh;hpp;hxx;h++;hm;inl;inc;ipp;xsd</Extensions>
    </Filter>
    <Filter Include="资源文件">
      <UniqueIdentifier>{67DA6AB6-F800-4c08-8B7A-83BB121AAD01}</UniqueIdentifier>
      <Extensions>rc;ico;cur;bmp;dlg;rc2;rct;bin;rgs;gif;jpg;jpeg;jpe;resx;tiff;tif;png;wav;mfcribbon-ms</Extensions>
    </Filter>
  </ItemGroup>
  <ItemGroup>
    <ClInclude Include="src\core\group_mapping.h">
      <Filter>头文件</Filter>
    </ClInclude>
    <ClInclude Include="src\core\member_cache.h">
      <Filter>头文件</Filter>
    </ClInclude>
    <ClInclude Include="src\core\msg_handler.h">
      <Filter>头文件</Filter>
    </ClInclude>
    <ClInclude Include="src\core\reply_generator.h">
      <Filter>头文件</Filter>
    </ClInclude>
    <ClInclude Include="src\schedule\class_inquiry.h">
      <Filter>头文件</Filter>
    </ClInclude>
    <ClInclude Include="src\schedule\schedule.h">
      <Filter>头文件</Filter>
    </ClInclude>
    <ClInclude Include="src\schedule\schedule_loader.h">
      <Filter>头文件</Filter>
    </ClInclude>
    <ClInclude Include="src\schedule\schedule_reminder.h">
      <Filter>头文件</Filter>
    </ClInclude>
    <ClInclude Include="src\utils\utils.h">
      <Filter>头文件</Filter>
    </ClInclude>
    <ClInclude Include="src\config.h">
      <Filter>头文件</Filter>
    </ClInclude>
    <ClInclude Include="src\onebot_ws_api.h">
      <Filter>头文件</Filter>
    </ClInclude>
    <ClInclude Include="src\small_function\guess_number.h">
      <Filter>头文件</Filter>
    </ClInclude>
    <ClInclude Include="src\small_function\plusone_kill.h">
      <Filter>头文件</Filter>
    </ClInclude>
  </ItemGroup>
  <ItemGroup>
    <ClCompile Include="src\schedule\class_inquiry.cpp">
      <Filter>源文件</Filter>
    </ClCompile>
    <ClCompile Include="src\schedule\schedule_loader.cpp">
      <Filter>源文件</Filter>
    </ClCompile>
    <ClCompile Include="src\schedule\schedule_reminder.cpp">
      <Filter>源文件</Filter>
    </ClCompile>
    <ClCompile Include="src\schedule\schedule_set.cpp">
      <Filter>源文件</Filter>
    </ClCompile>
    <ClCompile Include="src\core\group_mapping.cpp">
      <Filter>源文件</Filter>
    </ClCompile>
    <ClCompile Include="src\core\member_cache.cpp">
      <Filter>源文件</Filter>
    </ClCompile>
    <ClCompile Include="src\core\msg_handler.cpp">
      <Filter>源文件</Filter>
    </ClCompile>
    <ClCompile Include="src\core\reply_generator.cpp">
      <Filter>源文件</Filter>
    </ClCompile>
    <ClCompile Include="src\utils\utils.cpp">
      <Filter>源文件</Filter>
    </ClCompile>
    <ClCompile Include="src\main.cpp">
      <Filter>源文件</Filter>
    </ClCompile>
    <ClCompile Include="src\onebot_ws_api.cpp">
      <Filter>源文件</Filter>
    </ClCompile>
    <ClCompile Include="src\small_function\guess_number.cpp">
      <Filter>源文件</Filter>
    </ClCompile>
    <ClCompile Include="src\small_function\plusone_kill.cpp">
      <Filter>源文件</Filter>
    </ClCompile>
  </ItemGroup>
  <ItemGroup>
    <None Include="group_mapping.json">
      <Filter>资源文件</Filter>
    </None>
    <None Include="group_member_names.json">
      <Filter>资源文件</Filter>
    </None>
    <None Include="persistent_schedules.json">
      <Filter>资源文件</Filter>
    </None>
  </ItemGroup>
  <ItemGroup>
    <Text Include="robot_log.txt">
      <Filter>资源文件</Filter>
    </Text>
    <Text Include="term_start_date.txt">
      <Filter>资源文件</Filter>
    </Text>
  </ItemGroup>
</Project>